<?xml version="1.0" encoding="UTF-8" standalone="yes" ?>
<CodeBlocks_project_file>
	<FileVersion major="1" minor="6" />
	<Project>
		<Option title="OCC" />
		<Option pch_mode="2" />
		<Option compiler="gcc" />
		<Build>
			<Target title="liboctetos-cc-A">
				<Option output="bin/Debug/octetos-cc-A" imp_lib="$(TARGET_OUTPUT_DIR)$(TARGET_OUTPUT_BASENAME).a" def_file="$(TARGET_OUTPUT_DIR)$(TARGET_OUTPUT_BASENAME).def" prefix_auto="1" extension_auto="1" />
				<Option object_output="bin/Debug/A" />
				<Option type="3" />
				<Option compiler="gcc" />
				<Compiler>
					<Add option="-fPIC" />
					<Add directory="bin/Debug" />
					<Add directory="0" />
				</Compiler>
				<ExtraCommands>
					<Add before="bin/Debug/gen --output $(TARGET_OUTPUT_DIR)A/intel.l --lang AI --comp lexer" />
					<Add before="bin/Debug/gen --output $(TARGET_OUTPUT_DIR)A/intel.y --lang AI --comp parser" />
					<Add before="bison  --warnings --debug --report=cex,solved  --report-file=$(TARGET_OUTPUT_DIR)A/reposrt.txt --header=$(TARGET_OUTPUT_DIR)A/oas-intel-parser.hh -o $(TARGET_OUTPUT_DIR)A/oas-intel-parser.cc  $(TARGET_OUTPUT_DIR)A/intel.y" />
					<Add before="flex  -o $(TARGET_OUTPUT_DIR)A/oas-intel.lexer.cc  $(TARGET_OUTPUT_DIR)A/intel.l" />
				</ExtraCommands>
			</Target>
			<Target title="liboctetos-cc-A+">
				<Option output="bin/Debug/octetos-cc-A+" imp_lib="$(TARGET_OUTPUT_DIR)$(TARGET_OUTPUT_BASENAME).a" def_file="$(TARGET_OUTPUT_DIR)$(TARGET_OUTPUT_BASENAME).def" prefix_auto="1" extension_auto="1" />
				<Option object_output="bin/Debug/A+" />
				<Option type="3" />
				<Option compiler="gcc" />
				<Compiler>
					<Add option="-fPIC" />
					<Add directory="bin/Debug" />
					<Add directory="0" />
				</Compiler>
				<ExtraCommands>
					<Add before="bin/Debug/gen --output $(TARGET_OUTPUT_DIR)A+/intel.l --lang AII --comp lexer" />
					<Add before="bin/Debug/gen --output $(TARGET_OUTPUT_DIR)A+/intel.y --lang AII --comp parser" />
					<Add before="bison  --warning=all --debug --report=cex,solved --report-file=$(TARGET_OUTPUT_DIR)A+/report.txt -o $(TARGET_OUTPUT_DIR)A+/oas-intel-parser.cc  --header=$(TARGET_OUTPUT_DIR)A+/oas-intel-parser.hh $(TARGET_OUTPUT_DIR)A+/intel.y" />
					<Add before="flex  -o $(TARGET_OUTPUT_DIR)A+/oas-intel.lexer.cc  $(TARGET_OUTPUT_DIR)A+/intel.l" />
				</ExtraCommands>
			</Target>
			<Target title="occ-dbg">
				<Option output="bin/Debug/occ" prefix_auto="1" extension_auto="1" />
				<Option object_output="bin/Debug/" />
				<Option type="1" />
				<Option compiler="gcc" />
				<Option parameters="tests/boot-3.a.asm  --output-file bin/Debug/boot.bin --target-cpu intel-8086 --environment freestanding-boot" />
				<Compiler>
					<Add directory="bin/Debug" />
					<Add directory="0" />
				</Compiler>
				<Linker>
					<Add library="octetos-cc-A" />
					<Add library="octetos-cc-A+" />
					<Add directory="bin/Debug" />
				</Linker>
			</Target>
			<Target title="gen-dbg">
				<Option output="bin/Debug/gen" prefix_auto="1" extension_auto="1" />
				<Option object_output="bin/Debug/" />
				<Option type="1" />
				<Option compiler="gcc" />
				<Option parameters="--lang AI --comp parser --output bin/Debug/comp.ll" />
				<Compiler>
					<Add directory="bin/Debug" />
					<Add directory="0" />
				</Compiler>
				<Linker>
					<Add directory="bin/Debug" />
				</Linker>
			</Target>
			<Target title="tests-v0">
				<Option output="bin/Debug/v0" prefix_auto="1" extension_auto="1" />
				<Option object_output="bin/Debug/" />
				<Option type="1" />
				<Option compiler="gcc" />
				<Compiler>
					<Add option="-DOCTETOS_CC_V0" />
					<Add directory="bin/Debug" />
				</Compiler>
				<Linker>
					<Add library="cunit" />
				</Linker>
			</Target>
		</Build>
		<Compiler>
			<Add option="-Wall --std=c++20" />
			<Add option="-DIDE_CODEBLOCKS" />
			<Add directory="../../octetos" />
			<Add directory="0" />
		</Compiler>
		<Unit filename="../core/3/Lexer-TTA.hh">
			<Option target="&lt;{~None~}&gt;" />
		</Unit>
		<Unit filename="../core/3/Lexer-TTB.hh">
			<Option target="&lt;{~None~}&gt;" />
		</Unit>
		<Unit filename="../core/3/Lexer.hh">
			<Option target="&lt;{~None~}&gt;" />
		</Unit>
		<Unit filename="0/A+-Driver.cc">
			<Option target="liboctetos-cc-A+" />
		</Unit>
		<Unit filename="0/A+-Driver.hh">
			<Option target="liboctetos-cc-A+" />
		</Unit>
		<Unit filename="0/A+.cc">
			<Option target="liboctetos-cc-A+" />
			<Option target="tests-v0" />
		</Unit>
		<Unit filename="0/A+.hh">
			<Option target="liboctetos-cc-A+" />
			<Option target="tests-v0" />
		</Unit>
		<Unit filename="0/A-Driver.cc">
			<Option target="liboctetos-cc-A" />
		</Unit>
		<Unit filename="0/A-Driver.hh">
			<Option target="liboctetos-cc-A" />
		</Unit>
		<Unit filename="0/A-Scanner.hh">
			<Option target="liboctetos-cc-A" />
		</Unit>
		<Unit filename="0/A-intel-8086.cc">
			<Option target="liboctetos-cc-A" />
			<Option target="liboctetos-cc-A+" />
		</Unit>
		<Unit filename="0/A.cc">
			<Option target="liboctetos-cc-A" />
			<Option target="tests-v0" />
		</Unit>
		<Unit filename="0/A.hh">
			<Option target="liboctetos-cc-A" />
			<Option target="tests-v0" />
		</Unit>
		<Unit filename="0/Generator-Lexer-Declarartion.cc">
			<Option target="gen-dbg" />
		</Unit>
		<Unit filename="0/Generator-Lexer-Functions.cc">
			<Option target="gen-dbg" />
		</Unit>
		<Unit filename="0/Generator-Lexer-Rules.cc">
			<Option target="gen-dbg" />
		</Unit>
		<Unit filename="0/Generator-Parser-Declarartion.cc">
			<Option target="gen-dbg" />
		</Unit>
		<Unit filename="0/Generator-Parser-Functions.cc">
			<Option target="gen-dbg" />
		</Unit>
		<Unit filename="0/Generator-Parser-Rules.cc">
			<Option target="gen-dbg" />
		</Unit>
		<Unit filename="0/Generator.cc">
			<Option target="gen-dbg" />
		</Unit>
		<Unit filename="0/Generator.hh">
			<Option target="gen-dbg" />
		</Unit>
		<Unit filename="0/OAS.hh">
			<Option target="&lt;{~None~}&gt;" />
		</Unit>
		<Unit filename="0/cc.cc" />
		<Unit filename="0/cc.hh" />
		<Unit filename="0/occ-generetor-main.cc">
			<Option target="gen-dbg" />
		</Unit>
		<Unit filename="0/occ-main.cc">
			<Option target="occ-dbg" />
		</Unit>
		<Unit filename="0/oct-core-v3.hh">
			<Option target="liboctetos-cc-A" />
			<Option target="liboctetos-cc-A+" />
		</Unit>
		<Unit filename="bin/Debug/A+/oas-intel-parser.cc">
			<Option target="liboctetos-cc-A+" />
		</Unit>
		<Unit filename="bin/Debug/A+/oas-intel.lexer.cc">
			<Option target="liboctetos-cc-A+" />
		</Unit>
		<Unit filename="bin/Debug/A/oas-intel-parser.cc">
			<Option target="liboctetos-cc-A" />
		</Unit>
		<Unit filename="bin/Debug/A/oas-intel.lexer.cc">
			<Option target="liboctetos-cc-A" />
		</Unit>
		<Unit filename="tests/main.cc">
			<Option target="tests-v0" />
		</Unit>
		<Unit filename="tests/v0-A+.cc">
			<Option target="tests-v0" />
		</Unit>
		<Unit filename="tests/v0-A.cc">
			<Option target="tests-v0" />
		</Unit>
		<Unit filename="tests/v0.hh">
			<Option target="tests-v0" />
		</Unit>
		<Extensions>
			<lib_finder disable_auto="1" />
		</Extensions>
	</Project>
</CodeBlocks_project_file>
