<?xml version="1.0" encoding="UTF-8" standalone="yes" ?>
<CodeBlocks_project_file>
	<FileVersion major="1" minor="6" />
	<Project>
		<Option title="OCC" />
		<Option pch_mode="2" />
		<Option compiler="gcc" />
		<Build>
			<Target title="liboctetos-cc-A">
				<Option output="bin/Debug/octetos-cc-A" imp_lib="$(TARGET_OUTPUT_DIR)$(TARGET_OUTPUT_BASENAME).a" def_file="$(TARGET_OUTPUT_DIR)$(TARGET_OUTPUT_BASENAME).def" prefix_auto="1" extension_auto="1" />
				<Option object_output="bin/Debug/A" />
				<Option type="3" />
				<Option compiler="gcc" />
				<Compiler>
					<Add option="-fPIC" />
					<Add directory="bin/Debug" />
					<Add directory="0" />
				</Compiler>
				<ExtraCommands>
					<Add before="cat $(PROJECT_DIR)0/intel-dec-code-A.ll.frag $(PROJECT_DIR)0/intel-dec.ll.frag $(PROJECT_DIR)0/intel-rules-A.ll.frag $(PROJECT_DIR)0/intel-rules-A-graph.ll.frag $(PROJECT_DIR)0/intel-rules-A-end.ll.frag &gt; $(TARGET_OUTPUT_DIR)A/intel.ll" />
					<Add before="sed -i -e &apos;s/##NAME##/A/g&apos; -e &apos;s/##SUCCESSOR_DINASTI##/I/g&apos; -e &apos;s/##SUCCESSOR_ORNAMENT##//g&apos; $(TARGET_OUTPUT_DIR)A/intel.ll" />
					<Add before="cat $(PROJECT_DIR)0/A-parser/decs/intel.frag $(PROJECT_DIR)0/A-parser/decs/intel-types-base.frag  $(PROJECT_DIR)0/A-parser/decs/intel-types.frag $(PROJECT_DIR)0/A-parser/decs/intel-end.frag $(PROJECT_DIR)0/A-parser/rules/intel-consts.frag $(PROJECT_DIR)0/A-parser/rules/intel-insts.frag $(PROJECT_DIR)0/A-parser/rules/intel-statement_instruction.frag $(PROJECT_DIR)0/A-parser/rules/intel-statement_list.frag $(PROJECT_DIR)0/A-parser/rules/intel-declaration.frag $(PROJECT_DIR)0/A-parser/rules/intel-unit.frag $(PROJECT_DIR)0/A-parser/functs/intel.frag &gt; $(TARGET_OUTPUT_DIR)A/intel.yy" />
					<Add before="sed -i -e &apos;s/##NAME##/A/g&apos; -e &apos;s/##SUCCESSOR_DINASTI##/I/g&apos; -e &apos;s/##SUCCESSOR_ORNAMENT##//g&apos; -e &apos;s/##UNIT##/translation_unit/g&apos; $(TARGET_OUTPUT_DIR)A/intel.yy" />
					<Add before="bison  --report=cex,solved  --report-file=$(TARGET_OUTPUT_DIR)A/reposrt.txt -o $(TARGET_OUTPUT_DIR)A/oas-intel-parser.cc  $(TARGET_OUTPUT_DIR)A/intel.yy" />
					<Add before="flex  -o $(TARGET_OUTPUT_DIR)A/oas-intel.lexer.cc  $(TARGET_OUTPUT_DIR)A/intel.ll" />
				</ExtraCommands>
			</Target>
			<Target title="liboctetos-cc-A+">
				<Option output="bin/Debug/octetos-cc-A+" imp_lib="$(TARGET_OUTPUT_DIR)$(TARGET_OUTPUT_BASENAME).a" def_file="$(TARGET_OUTPUT_DIR)$(TARGET_OUTPUT_BASENAME).def" prefix_auto="1" extension_auto="1" />
				<Option object_output="bin/Debug/A+" />
				<Option type="3" />
				<Option compiler="gcc" />
				<Compiler>
					<Add option="-fPIC" />
					<Add directory="bin/Debug" />
					<Add directory="0" />
				</Compiler>
				<ExtraCommands>
					<Add before="cat $(PROJECT_DIR)0/intel-dec-code-A+.ll.frag $(PROJECT_DIR)0/intel-dec.ll.frag $(PROJECT_DIR)0/intel-rules-A.ll.frag $(PROJECT_DIR)0/intel-rules-A+-graph.ll.frag $(PROJECT_DIR)0/intel-rules-A-end.ll.frag &gt; $(TARGET_OUTPUT_DIR)A+/intel.ll" />
					<Add before="sed -i -e &apos;s/##NAME##/A/g&apos; -e &apos;s/##SUCCESSOR_DINASTI##/II/g&apos; -e &apos;s/##SUCCESSOR_ORNAMENT##/+/g&apos; $(TARGET_OUTPUT_DIR)A+/intel.ll" />
					<Add before="cat $(PROJECT_DIR)0/A-parser/decs/intel.frag $(PROJECT_DIR)0/A-parser/decs/intel-types-base.frag  $(PROJECT_DIR)0/A+-parser/decs/intel-types.frag $(PROJECT_DIR)0/A-parser/decs/intel-end.frag $(PROJECT_DIR)0/A-parser/rules/intel-consts.frag $(PROJECT_DIR)0/A-parser/rules/intel-insts.frag $(PROJECT_DIR)0/A+-parser/rules/intel-statement_instruction.frag $(PROJECT_DIR)0/A+-parser/rules/intel-statement_list.frag $(PROJECT_DIR)0/A-parser/rules/intel-declaration.frag $(PROJECT_DIR)0/A+-parser/rules/intel-unit.frag $(PROJECT_DIR)0/A-parser/functs/intel.frag &gt; $(TARGET_OUTPUT_DIR)A+/intel.yy" />
					<Add before="sed -i -e &apos;s/##NAME##/A/g&apos; -e &apos;s/##SUCCESSOR_DINASTI##/II/g&apos; -e &apos;s/##SUCCESSOR_ORNAMENT##/+/g&apos; -e &apos;s/##UNIT##/external_declaration/g&apos; $(TARGET_OUTPUT_DIR)A+/intel.yy" />
					<Add before="bison  --report=cex,solved --report-file=$(TARGET_OUTPUT_DIR)A+/report.txt -o $(TARGET_OUTPUT_DIR)A+/oas-intel-parser.cc  $(TARGET_OUTPUT_DIR)A+/intel.yy" />
					<Add before="flex  -o $(TARGET_OUTPUT_DIR)A+/oas-intel.lexer.cc  $(TARGET_OUTPUT_DIR)A+/intel.ll" />
				</ExtraCommands>
			</Target>
			<Target title="occ-dbg">
				<Option output="bin/Debug/occ" prefix_auto="1" extension_auto="1" />
				<Option object_output="bin/Debug/" />
				<Option type="1" />
				<Option compiler="gcc" />
				<Option parameters="tests/boot-1.a+.asm  --output bin/Debug/boot.bin" />
				<Compiler>
					<Add directory="bin/Debug" />
					<Add directory="0" />
				</Compiler>
				<Linker>
					<Add library="octetos-cc-A" />
					<Add library="octetos-cc-A+" />
					<Add directory="bin/Debug" />
				</Linker>
			</Target>
			<Target title="occ-tool-dbg">
				<Option output="bin/Debug/occ-tool" prefix_auto="1" extension_auto="1" />
				<Option object_output="bin/Debug/" />
				<Option type="1" />
				<Option compiler="gcc" />
				<Option parameters="tests/boot-1.a+.asm  --output bin/Debug/boot.bin" />
				<Compiler>
					<Add directory="bin/Debug" />
					<Add directory="0" />
				</Compiler>
				<Linker>
					<Add library="octetos-cc-A" />
					<Add library="octetos-cc-A+" />
					<Add directory="bin/Debug" />
				</Linker>
			</Target>
		</Build>
		<Compiler>
			<Add option="-Wall --std=c++20" />
			<Add option="-DIDE_CODEBLOCKS" />
			<Add directory="../../octetos" />
		</Compiler>
		<Unit filename="../core/3/Lexer-TTA.hh">
			<Option target="&lt;{~None~}&gt;" />
		</Unit>
		<Unit filename="../core/3/Lexer-TTB.hh">
			<Option target="&lt;{~None~}&gt;" />
		</Unit>
		<Unit filename="../core/3/Lexer.hh">
			<Option target="&lt;{~None~}&gt;" />
		</Unit>
		<Unit filename="0/A+-Driver.cc">
			<Option target="liboctetos-cc-A+" />
		</Unit>
		<Unit filename="0/A+-Driver.hh">
			<Option target="liboctetos-cc-A+" />
		</Unit>
		<Unit filename="0/A+-Scanner.cc">
			<Option target="liboctetos-cc-A+" />
		</Unit>
		<Unit filename="0/A+-Scanner.hh">
			<Option target="liboctetos-cc-A+" />
		</Unit>
		<Unit filename="0/A+-parser/decs/intel-types.frag">
			<Option target="liboctetos-cc-A" />
			<Option target="liboctetos-cc-A+" />
		</Unit>
		<Unit filename="0/A+-parser/rules/intel-statement_instruction.frag">
			<Option target="liboctetos-cc-A" />
			<Option target="liboctetos-cc-A+" />
		</Unit>
		<Unit filename="0/A+-parser/rules/intel-statement_list.frag">
			<Option target="liboctetos-cc-A" />
			<Option target="liboctetos-cc-A+" />
		</Unit>
		<Unit filename="0/A+-parser/rules/intel-unit.frag">
			<Option target="liboctetos-cc-A" />
			<Option target="liboctetos-cc-A+" />
		</Unit>
		<Unit filename="0/A+.cc">
			<Option target="liboctetos-cc-A+" />
		</Unit>
		<Unit filename="0/A+.hh">
			<Option target="liboctetos-cc-A+" />
		</Unit>
		<Unit filename="0/A-Driver.cc">
			<Option target="liboctetos-cc-A" />
		</Unit>
		<Unit filename="0/A-Driver.hh">
			<Option target="liboctetos-cc-A" />
		</Unit>
		<Unit filename="0/A-Scanner.cc">
			<Option target="liboctetos-cc-A" />
		</Unit>
		<Unit filename="0/A-Scanner.hh">
			<Option target="liboctetos-cc-A" />
		</Unit>
		<Unit filename="0/A-parser/decs/intel-end.frag">
			<Option target="liboctetos-cc-A" />
			<Option target="liboctetos-cc-A+" />
		</Unit>
		<Unit filename="0/A-parser/decs/intel-types-base.frag">
			<Option target="liboctetos-cc-A" />
			<Option target="liboctetos-cc-A+" />
		</Unit>
		<Unit filename="0/A-parser/decs/intel-types.frag">
			<Option target="liboctetos-cc-A" />
			<Option target="liboctetos-cc-A+" />
		</Unit>
		<Unit filename="0/A-parser/decs/intel.frag">
			<Option target="liboctetos-cc-A" />
			<Option target="liboctetos-cc-A+" />
		</Unit>
		<Unit filename="0/A-parser/functs/intel.frag">
			<Option target="liboctetos-cc-A" />
			<Option target="liboctetos-cc-A+" />
		</Unit>
		<Unit filename="0/A-parser/rules/intel-consts.frag">
			<Option target="liboctetos-cc-A" />
			<Option target="liboctetos-cc-A+" />
		</Unit>
		<Unit filename="0/A-parser/rules/intel-declaration.frag">
			<Option target="liboctetos-cc-A" />
			<Option target="liboctetos-cc-A+" />
		</Unit>
		<Unit filename="0/A-parser/rules/intel-insts.frag">
			<Option target="liboctetos-cc-A" />
			<Option target="liboctetos-cc-A+" />
		</Unit>
		<Unit filename="0/A-parser/rules/intel-statement_instruction.frag">
			<Option target="liboctetos-cc-A" />
			<Option target="liboctetos-cc-A+" />
		</Unit>
		<Unit filename="0/A-parser/rules/intel-statement_list.frag">
			<Option target="liboctetos-cc-A" />
			<Option target="liboctetos-cc-A+" />
		</Unit>
		<Unit filename="0/A-parser/rules/intel-unit.frag">
			<Option target="liboctetos-cc-A" />
			<Option target="liboctetos-cc-A+" />
		</Unit>
		<Unit filename="0/A.cc">
			<Option target="liboctetos-cc-A" />
		</Unit>
		<Unit filename="0/A.hh">
			<Option target="liboctetos-cc-A" />
		</Unit>
		<Unit filename="0/Generator-Parser-Declarartion.cc">
			<Option target="occ-tool-dbg" />
		</Unit>
		<Unit filename="0/Generator-Parser-Functions.cc">
			<Option target="occ-tool-dbg" />
		</Unit>
		<Unit filename="0/Generator-Parser-Rules.cc">
			<Option target="occ-tool-dbg" />
		</Unit>
		<Unit filename="0/Generator.cc">
			<Option target="occ-tool-dbg" />
		</Unit>
		<Unit filename="0/Generator.hh">
			<Option target="occ-tool-dbg" />
		</Unit>
		<Unit filename="0/OAS.hh">
			<Option target="&lt;{~None~}&gt;" />
		</Unit>
		<Unit filename="0/intel-dec-code-A+.ll.frag">
			<Option target="liboctetos-cc-A" />
			<Option target="liboctetos-cc-A+" />
		</Unit>
		<Unit filename="0/intel-dec-code-A.ll.frag">
			<Option target="liboctetos-cc-A" />
			<Option target="liboctetos-cc-A+" />
		</Unit>
		<Unit filename="0/intel-dec.ll.frag">
			<Option target="liboctetos-cc-A" />
			<Option target="liboctetos-cc-A+" />
		</Unit>
		<Unit filename="0/intel-rules-A+-graph.ll.frag">
			<Option target="liboctetos-cc-A" />
			<Option target="liboctetos-cc-A+" />
		</Unit>
		<Unit filename="0/intel-rules-A-end.ll.frag">
			<Option target="liboctetos-cc-A" />
			<Option target="liboctetos-cc-A+" />
		</Unit>
		<Unit filename="0/intel-rules-A-graph.ll.frag">
			<Option target="liboctetos-cc-A" />
			<Option target="liboctetos-cc-A+" />
		</Unit>
		<Unit filename="0/intel-rules-A.ll.frag">
			<Option target="liboctetos-cc-A" />
			<Option target="liboctetos-cc-A+" />
		</Unit>
		<Unit filename="0/occ-generetor-main.cc">
			<Option target="occ-tool-dbg" />
		</Unit>
		<Unit filename="0/occ-main.cc">
			<Option target="occ-dbg" />
		</Unit>
		<Unit filename="bin/Debug/A+/oas-intel-parser.cc">
			<Option target="liboctetos-cc-A+" />
		</Unit>
		<Unit filename="bin/Debug/A+/oas-intel.lexer.cc">
			<Option target="liboctetos-cc-A+" />
		</Unit>
		<Unit filename="bin/Debug/A/oas-intel-parser.cc">
			<Option target="liboctetos-cc-A" />
		</Unit>
		<Unit filename="bin/Debug/A/oas-intel.lexer.cc">
			<Option target="liboctetos-cc-A" />
		</Unit>
		<Extensions>
			<lib_finder disable_auto="1" />
		</Extensions>
	</Project>
</CodeBlocks_project_file>
