<?xml version="1.0" encoding="UTF-8" standalone="yes" ?>
<CodeBlocks_project_file>
	<FileVersion major="1" minor="6" />
	<Project>
		<Option title="OCC" />
		<Option pch_mode="2" />
		<Option compiler="gcc" />
		<Build>
			<Target title="oas-intel">
				<Option output="bin/Debug/oas-intel" prefix_auto="1" extension_auto="1" />
				<Option object_output="bin/Debug/" />
				<Option type="1" />
				<Option compiler="gcc" />
				<Option parameters="0/main.a+ --output bin/Debug/boot.bin" />
				<Compiler>
					<Add directory="bin/Debug" />
					<Add directory="0" />
				</Compiler>
				<ExtraCommands>
					<Add before="bison --report=counterexamples --report-file=$(TARGET_OUTPUT_DIR)reposrt.txt -o $(TARGET_OUTPUT_DIR)oas-intel-parser-A+.cc  $(PROJECT_DIR)0/oas-intel-parser-A+.yy" />
					<Add before="flex -o $(TARGET_OUTPUT_DIR)oas-intel-A+.lexer.cc  $(PROJECT_DIR)0/oas-intel-lexer-A+.ll" />
				</ExtraCommands>
			</Target>
		</Build>
		<Compiler>
			<Add option="-Wall --std=c++20" />
			<Add option="-DIDE_CODEBLOCKS" />
			<Add directory="../../octetos" />
		</Compiler>
		<Unit filename="../core/3/Lexer-TTA.hh">
			<Option target="&lt;{~None~}&gt;" />
		</Unit>
		<Unit filename="../core/3/Lexer-TTB.hh">
			<Option target="&lt;{~None~}&gt;" />
		</Unit>
		<Unit filename="../core/3/Lexer.hh">
			<Option target="&lt;{~None~}&gt;" />
		</Unit>
		<Unit filename="0/A+-Driver.cc" />
		<Unit filename="0/A+-Driver.hh" />
		<Unit filename="0/A+-Scanner.cc" />
		<Unit filename="0/A+-Scanner.hh" />
		<Unit filename="0/A+.cc" />
		<Unit filename="0/A+.hh" />
		<Unit filename="0/OAS.hh">
			<Option target="&lt;{~None~}&gt;" />
		</Unit>
		<Unit filename="0/develop-lexer-oas.cc">
			<Option target="&lt;{~None~}&gt;" />
		</Unit>
		<Unit filename="0/develop-lexer-occ-c90.cc">
			<Option target="&lt;{~None~}&gt;" />
		</Unit>
		<Unit filename="0/main-occ-c90.cc">
			<Option target="&lt;{~None~}&gt;" />
		</Unit>
		<Unit filename="0/oas-intel-lexer-A+.ll" />
		<Unit filename="0/oas-intel-parser-A+.yy" />
		<Unit filename="0/oas-main.cc" />
		<Unit filename="bin/Debug/oas-intel-A+.lexer.cc" />
		<Unit filename="bin/Debug/oas-intel-parser-A+.cc" />
		<Extensions>
			<lib_finder disable_auto="1" />
		</Extensions>
	</Project>
</CodeBlocks_project_file>
